
Microsoft Visual Studio Solution File, Format Version 12.00
# Visual Studio Version 16
VisualStudioVersion = 16.0.32510.428
MinimumVisualStudioVersion = 10.0.40219.1
Project("{FAE04EC0-301F-11D3-BF4B-00C04F79EFBC}") = "KinoVideoProkat_K", "KinoVideoProkat_K\KinoVideoProkat_K.csproj", "{EAAACB33-98F7-474B-B69F-B28451B13428}"
EndProject
Global
	GlobalSection(SolutionConfigurationPlatforms) = preSolution
		Debug|Any CPU = Debug|Any CPU
		Release|Any CPU = Release|Any CPU
	EndGlobalSection
	GlobalSection(ProjectConfigurationPlatforms) = postSolution
		{EAAACB33-98F7-474B-B69F-B28451B13428}.Debug|Any CPU.ActiveCfg = Debug|Any CPU
		{EAAACB33-98F7-474B-B69F-B28451B13428}.Debug|Any CPU.Build.0 = Debug|Any CPU
		{EAAACB33-98F7-474B-B69F-B28451B13428}.Release|Any CPU.ActiveCfg = Release|Any CPU
		{EAAACB33-98F7-474B-B69F-B28451B13428}.Release|Any CPU.Build.0 = Release|Any CPU
	EndGlobalSection
	GlobalSection(SolutionProperties) = preSolution
		HideSolutionNode = FALSE
	EndGlobalSection
	GlobalSection(ExtensibilityGlobals) = postSolution
		SolutionGuid = {D76D5F45-C5A5-47F7-AA58-A3144FBCA46F}
	EndGlobalSection
EndGlobal
